
Microsoft Visual Studio Solution File, Format Version 12.00
# Visual Studio 15
VisualStudioVersion = 15.0.27130.2036
MinimumVisualStudioVersion = 10.0.40219.1
Project("{9A19103F-16F7-4668-BE54-9A1E7A4F7556}") = "CMS.Portal", "CMS\CMS.Portal.csproj", "{1A8FDF38-31F7-455A-BC0A-EF10FCFD0498}"
EndProject
Project("{9A19103F-16F7-4668-BE54-9A1E7A4F7556}") = "CMS.Models", "CMS.Models\CMS.Models.csproj", "{14DA9E8D-F8E3-4696-A4DD-C22F0C70564A}"
EndProject
Project("{9A19103F-16F7-4668-BE54-9A1E7A4F7556}") = "CMS.GraphQL", "CMS.GraphQL\CMS.GraphQL.csproj", "{A9DF778D-645C-4197-A8FA-7B675F493963}"
EndProject
Project("{FAE04EC0-301F-11D3-BF4B-00C04F79EFBC}") = "CMS.SQLServer", "CMS.SQLServer\CMS.SQLServer.csproj", "{9285EEF6-2541-4F13-99E1-B91982316AE9}"
EndProject
Project("{2150E333-8FDC-42A3-9474-1A3956D46DE8}") = "Data", "Data", "{3D9D3CFD-A447-4C1A-9596-49EA3642C6EE}"
EndProject
Project("{2150E333-8FDC-42A3-9474-1A3956D46DE8}") = "Base", "Base", "{59303160-7C3F-4CC1-AA43-5940B009718A}"
EndProject
Project("{FAE04EC0-301F-11D3-BF4B-00C04F79EFBC}") = "CMS.Base", "CMS.Base\CMS.Base.csproj", "{F2685AC6-46F0-4864-AA1C-105D402A24E1}"
EndProject
Global
	GlobalSection(SolutionConfigurationPlatforms) = preSolution
		Debug|Any CPU = Debug|Any CPU
		Release|Any CPU = Release|Any CPU
	EndGlobalSection
	GlobalSection(ProjectConfigurationPlatforms) = postSolution
		{1A8FDF38-31F7-455A-BC0A-EF10FCFD0498}.Debug|Any CPU.ActiveCfg = Debug|Any CPU
		{1A8FDF38-31F7-455A-BC0A-EF10FCFD0498}.Debug|Any CPU.Build.0 = Debug|Any CPU
		{1A8FDF38-31F7-455A-BC0A-EF10FCFD0498}.Release|Any CPU.ActiveCfg = Release|Any CPU
		{1A8FDF38-31F7-455A-BC0A-EF10FCFD0498}.Release|Any CPU.Build.0 = Release|Any CPU
		{14DA9E8D-F8E3-4696-A4DD-C22F0C70564A}.Debug|Any CPU.ActiveCfg = Debug|Any CPU
		{14DA9E8D-F8E3-4696-A4DD-C22F0C70564A}.Debug|Any CPU.Build.0 = Debug|Any CPU
		{14DA9E8D-F8E3-4696-A4DD-C22F0C70564A}.Release|Any CPU.ActiveCfg = Release|Any CPU
		{14DA9E8D-F8E3-4696-A4DD-C22F0C70564A}.Release|Any CPU.Build.0 = Release|Any CPU
		{A9DF778D-645C-4197-A8FA-7B675F493963}.Debug|Any CPU.ActiveCfg = Debug|Any CPU
		{A9DF778D-645C-4197-A8FA-7B675F493963}.Debug|Any CPU.Build.0 = Debug|Any CPU
		{A9DF778D-645C-4197-A8FA-7B675F493963}.Release|Any CPU.ActiveCfg = Release|Any CPU
		{A9DF778D-645C-4197-A8FA-7B675F493963}.Release|Any CPU.Build.0 = Release|Any CPU
		{9285EEF6-2541-4F13-99E1-B91982316AE9}.Debug|Any CPU.ActiveCfg = Debug|Any CPU
		{9285EEF6-2541-4F13-99E1-B91982316AE9}.Debug|Any CPU.Build.0 = Debug|Any CPU
		{9285EEF6-2541-4F13-99E1-B91982316AE9}.Release|Any CPU.ActiveCfg = Release|Any CPU
		{9285EEF6-2541-4F13-99E1-B91982316AE9}.Release|Any CPU.Build.0 = Release|Any CPU
		{F2685AC6-46F0-4864-AA1C-105D402A24E1}.Debug|Any CPU.ActiveCfg = Debug|Any CPU
		{F2685AC6-46F0-4864-AA1C-105D402A24E1}.Debug|Any CPU.Build.0 = Debug|Any CPU
		{F2685AC6-46F0-4864-AA1C-105D402A24E1}.Release|Any CPU.ActiveCfg = Release|Any CPU
		{F2685AC6-46F0-4864-AA1C-105D402A24E1}.Release|Any CPU.Build.0 = Release|Any CPU
	EndGlobalSection
	GlobalSection(SolutionProperties) = preSolution
		HideSolutionNode = FALSE
	EndGlobalSection
	GlobalSection(NestedProjects) = preSolution
		{14DA9E8D-F8E3-4696-A4DD-C22F0C70564A} = {3D9D3CFD-A447-4C1A-9596-49EA3642C6EE}
		{A9DF778D-645C-4197-A8FA-7B675F493963} = {3D9D3CFD-A447-4C1A-9596-49EA3642C6EE}
		{9285EEF6-2541-4F13-99E1-B91982316AE9} = {3D9D3CFD-A447-4C1A-9596-49EA3642C6EE}
		{F2685AC6-46F0-4864-AA1C-105D402A24E1} = {59303160-7C3F-4CC1-AA43-5940B009718A}
	EndGlobalSection
	GlobalSection(ExtensibilityGlobals) = postSolution
		SolutionGuid = {2B0DC9ED-505C-4BF6-899E-5E94E2B359D4}
	EndGlobalSection
EndGlobal
